
Microsoft Visual Studio Solution File, Format Version 12.00
# Visual Studio Version 17
VisualStudioVersion = 17.3.32901.215
MinimumVisualStudioVersion = 10.0.40219.1
Project("{8BC9CEB8-8B4A-11D0-8D11-00A0C91BC942}") = "AT Audio Player", "AT Audio Player\AT Audio Player.vcxproj", "{C2CF8BA3-CD63-491F-8891-F231B2E3657A}"
	ProjectSection(ProjectDependencies) = postProject
		{5433DB93-B810-4AFE-B6B6-572A2778B23B} = {5433DB93-B810-4AFE-B6B6-572A2778B23B}
	EndProjectSection
EndProject
Project("{888888A0-9F3D-457C-B088-3A5042F75D52}") = "Python AT Audio Player", "Python AT Audio Player\Python AT Audio Player.pyproj", "{1BBCC02B-1AA6-4581-9CE6-529CDA4B8DB1}"
EndProject
Project("{54435603-DBB4-11D2-8724-00A0C9A8B90C}") = "Python AT Audio Player Installer", "Python AT Audio Player Installer\Python AT Audio Player Installer.vdproj", "{DA60897F-71E5-436D-A839-B61B25562F77}"
EndProject
Project("{8BC9CEB8-8B4A-11D0-8D11-00A0C91BC942}") = "ConTerLib", "AT Audio Player\external\ConTerLib\ConTerLib.vcxproj", "{5433DB93-B810-4AFE-B6B6-572A2778B23B}"
EndProject
Project("{8BC9CEB8-8B4A-11D0-8D11-00A0C91BC942}") = "SoloudStatic", "AT Audio Player\external\SoLoud\build\vs2022\SoloudStatic.vcxproj", "{83540317-6FB7-92BB-183D-CB71047F5E3E}"
EndProject
Global
	GlobalSection(SolutionConfigurationPlatforms) = preSolution
		Debug|Any CPU = Debug|Any CPU
		Debug|x64 = Debug|x64
		Debug|x86 = Debug|x86
		Release|Any CPU = Release|Any CPU
		Release|x64 = Release|x64
		Release|x86 = Release|x86
	EndGlobalSection
	GlobalSection(ProjectConfigurationPlatforms) = postSolution
		{C2CF8BA3-CD63-491F-8891-F231B2E3657A}.Debug|Any CPU.ActiveCfg = Debug|Win32
		{C2CF8BA3-CD63-491F-8891-F231B2E3657A}.Debug|x64.ActiveCfg = Debug|x64
		{C2CF8BA3-CD63-491F-8891-F231B2E3657A}.Debug|x64.Build.0 = Debug|x64
		{C2CF8BA3-CD63-491F-8891-F231B2E3657A}.Debug|x86.ActiveCfg = Debug|Win32
		{C2CF8BA3-CD63-491F-8891-F231B2E3657A}.Debug|x86.Build.0 = Debug|Win32
		{C2CF8BA3-CD63-491F-8891-F231B2E3657A}.Release|Any CPU.ActiveCfg = Release|Win32
		{C2CF8BA3-CD63-491F-8891-F231B2E3657A}.Release|x64.ActiveCfg = Release|x64
		{C2CF8BA3-CD63-491F-8891-F231B2E3657A}.Release|x64.Build.0 = Release|x64
		{C2CF8BA3-CD63-491F-8891-F231B2E3657A}.Release|x86.ActiveCfg = Release|Win32
		{C2CF8BA3-CD63-491F-8891-F231B2E3657A}.Release|x86.Build.0 = Release|Win32
		{1BBCC02B-1AA6-4581-9CE6-529CDA4B8DB1}.Debug|Any CPU.ActiveCfg = Debug|Any CPU
		{1BBCC02B-1AA6-4581-9CE6-529CDA4B8DB1}.Debug|x64.ActiveCfg = Debug|Any CPU
		{1BBCC02B-1AA6-4581-9CE6-529CDA4B8DB1}.Debug|x86.ActiveCfg = Debug|Any CPU
		{1BBCC02B-1AA6-4581-9CE6-529CDA4B8DB1}.Release|Any CPU.ActiveCfg = Release|Any CPU
		{1BBCC02B-1AA6-4581-9CE6-529CDA4B8DB1}.Release|x64.ActiveCfg = Release|Any CPU
		{1BBCC02B-1AA6-4581-9CE6-529CDA4B8DB1}.Release|x86.ActiveCfg = Release|Any CPU
		{DA60897F-71E5-436D-A839-B61B25562F77}.Debug|Any CPU.ActiveCfg = Debug
		{DA60897F-71E5-436D-A839-B61B25562F77}.Debug|x64.ActiveCfg = Debug
		{DA60897F-71E5-436D-A839-B61B25562F77}.Debug|x86.ActiveCfg = Debug
		{DA60897F-71E5-436D-A839-B61B25562F77}.Release|Any CPU.ActiveCfg = Release
		{DA60897F-71E5-436D-A839-B61B25562F77}.Release|x64.ActiveCfg = Release
		{DA60897F-71E5-436D-A839-B61B25562F77}.Release|x86.ActiveCfg = Release
		{5433DB93-B810-4AFE-B6B6-572A2778B23B}.Debug|Any CPU.ActiveCfg = Debug|x64
		{5433DB93-B810-4AFE-B6B6-572A2778B23B}.Debug|Any CPU.Build.0 = Debug|x64
		{5433DB93-B810-4AFE-B6B6-572A2778B23B}.Debug|x64.ActiveCfg = Debug|x64
		{5433DB93-B810-4AFE-B6B6-572A2778B23B}.Debug|x64.Build.0 = Debug|x64
		{5433DB93-B810-4AFE-B6B6-572A2778B23B}.Debug|x86.ActiveCfg = Debug|Win32
		{5433DB93-B810-4AFE-B6B6-572A2778B23B}.Debug|x86.Build.0 = Debug|Win32
		{5433DB93-B810-4AFE-B6B6-572A2778B23B}.Release|Any CPU.ActiveCfg = Release|x64
		{5433DB93-B810-4AFE-B6B6-572A2778B23B}.Release|Any CPU.Build.0 = Release|x64
		{5433DB93-B810-4AFE-B6B6-572A2778B23B}.Release|x64.ActiveCfg = Release|x64
		{5433DB93-B810-4AFE-B6B6-572A2778B23B}.Release|x64.Build.0 = Release|x64
		{5433DB93-B810-4AFE-B6B6-572A2778B23B}.Release|x86.ActiveCfg = Release|Win32
		{5433DB93-B810-4AFE-B6B6-572A2778B23B}.Release|x86.Build.0 = Release|Win32
		{83540317-6FB7-92BB-183D-CB71047F5E3E}.Debug|Any CPU.ActiveCfg = Debug|Win32
		{83540317-6FB7-92BB-183D-CB71047F5E3E}.Debug|Any CPU.Build.0 = Debug|Win32
		{83540317-6FB7-92BB-183D-CB71047F5E3E}.Debug|x64.ActiveCfg = Debug|Win32
		{83540317-6FB7-92BB-183D-CB71047F5E3E}.Debug|x64.Build.0 = Debug|Win32
		{83540317-6FB7-92BB-183D-CB71047F5E3E}.Debug|x86.ActiveCfg = Debug|Win32
		{83540317-6FB7-92BB-183D-CB71047F5E3E}.Debug|x86.Build.0 = Debug|Win32
		{83540317-6FB7-92BB-183D-CB71047F5E3E}.Release|Any CPU.ActiveCfg = Release|Win32
		{83540317-6FB7-92BB-183D-CB71047F5E3E}.Release|Any CPU.Build.0 = Release|Win32
		{83540317-6FB7-92BB-183D-CB71047F5E3E}.Release|x64.ActiveCfg = Release|Win32
		{83540317-6FB7-92BB-183D-CB71047F5E3E}.Release|x64.Build.0 = Release|Win32
		{83540317-6FB7-92BB-183D-CB71047F5E3E}.Release|x86.ActiveCfg = Release|Win32
		{83540317-6FB7-92BB-183D-CB71047F5E3E}.Release|x86.Build.0 = Release|Win32
	EndGlobalSection
	GlobalSection(SolutionProperties) = preSolution
		HideSolutionNode = FALSE
	EndGlobalSection
	GlobalSection(ExtensibilityGlobals) = postSolution
		SolutionGuid = {0EA26EE5-ECEB-4EAF-8589-C241F6E3E93D}
	EndGlobalSection
EndGlobal
